{
  "name": "workspace",
  "lockfileVersion": 3,
  "requires": true,
  "packages": {
    "": {
      "dependencies": {
        "@types/long": "^5.0.0"
      }
    },
    "node_modules/@types/long": {
      "version": "5.0.0",
      "resolved": "https://registry.npmjs.org/@types/long/-/long-5.0.0.tgz",
      "integrity": "sha512-eQs9RsucA/LNjnMoJvWG/nXa7Pot/RbBzilF/QRIU/xRl+0ApxrSUFsV5lmf01SvSlqMzJ7Zwxe440wmz2SJGA==",
      "deprecated": "This is a stub types definition. long provides its own type definitions, so you do not need this installed.",
      "dependencies": {
        "long": "*"
      }
    },
    "node_modules/long": {
      "version": "5.2.3",
      "resolved": "https://registry.npmjs.org/long/-/long-5.2.3.tgz",
      "integrity": "sha512-lcHwpNoggQTObv5apGNCTdJrO69eHOZMi4BNC+rTLER8iHAqGrUVeLh/irVIM7zTw2bOXA8T6uNPeujwOLg/2Q=="
    }
  }
}
